// !$*UTF8*$!
{
	archiveVersion = 1;
	classes = {
	};
	objectVersion = 46;
	objects = {

/* Begin PBXBuildFile section */
		3E070A551DD9B3E2002C0AFF /* Homepwner.xcdatamodeld in Sources */ = {isa = PBXBuildFile; fileRef = 3E070A531DD9B3E2002C0AFF /* Homepwner.xcdatamodeld */; };
		3E070A581DD9C55E002C0AFF /* BNRImageTransformer.m in Sources */ = {isa = PBXBuildFile; fileRef = 3E070A571DD9C55E002C0AFF /* BNRImageTransformer.m */; };
		3E070A5D1DDAB341002C0AFF /* BNRItem+CoreDataProperties.m in Sources */ = {isa = PBXBuildFile; fileRef = 3E070A5A1DDAB341002C0AFF /* BNRItem+CoreDataProperties.m */; };
		3E070A5E1DDAB341002C0AFF /* BNRItem.m in Sources */ = {isa = PBXBuildFile; fileRef = 3E070A5C1DDAB341002C0AFF /* BNRItem.m */; };
		3E070A611DDD773B002C0AFF /* BNRAssetTypeViewController.m in Sources */ = {isa = PBXBuildFile; fileRef = 3E070A601DDD773B002C0AFF /* BNRAssetTypeViewController.m */; };
		3E070A651DDDE2B5002C0AFF /* BNRAssetTypeDetailViewController.m in Sources */ = {isa = PBXBuildFile; fileRef = 3E070A631DDDE2B5002C0AFF /* BNRAssetTypeDetailViewController.m */; };
		3E070A661DDDE2B5002C0AFF /* BNRAssetTypeDetailViewController.xib in Resources */ = {isa = PBXBuildFile; fileRef = 3E070A641DDDE2B5002C0AFF /* BNRAssetTypeDetailViewController.xib */; };
		3E31CE7D1DB754FE00F0EFE1 /* BNRImageStore.m in Sources */ = {isa = PBXBuildFile; fileRef = 3E31CE7C1DB754FE00F0EFE1 /* BNRImageStore.m */; };
		3E640C741DB5D984002F358A /* BNRDetailViewController.m in Sources */ = {isa = PBXBuildFile; fileRef = 3E640C721DB5D984002F358A /* BNRDetailViewController.m */; };
		3EBDD82D1DD064EC004A9E6A /* BNRItemCell.m in Sources */ = {isa = PBXBuildFile; fileRef = 3EBDD82B1DD064EC004A9E6A /* BNRItemCell.m */; };
		3EBDD82E1DD064EC004A9E6A /* BNRItemCell.xib in Resources */ = {isa = PBXBuildFile; fileRef = 3EBDD82C1DD064EC004A9E6A /* BNRItemCell.xib */; };
		3EBDD8311DD1B7E5004A9E6A /* BNRImageViewController.m in Sources */ = {isa = PBXBuildFile; fileRef = 3EBDD8301DD1B7E5004A9E6A /* BNRImageViewController.m */; };
		3ED7D8A51DEAC8CF00566762 /* BNRDetailViewController.xib in Resources */ = {isa = PBXBuildFile; fileRef = 3ED7D8A71DEAC8CF00566762 /* BNRDetailViewController.xib */; };
		3ED7D8AF1DEAE56400566762 /* Localizable.strings in Resources */ = {isa = PBXBuildFile; fileRef = 3ED7D8B11DEAE56400566762 /* Localizable.strings */; };
		5A548EEC1DAE40B0006E1723 /* main.m in Sources */ = {isa = PBXBuildFile; fileRef = 5A548EEB1DAE40B0006E1723 /* main.m */; };
		5A548EEF1DAE40B0006E1723 /* AppDelegate.m in Sources */ = {isa = PBXBuildFile; fileRef = 5A548EEE1DAE40B0006E1723 /* AppDelegate.m */; };
		5A548EF21DAE40B0006E1723 /* ViewController.m in Sources */ = {isa = PBXBuildFile; fileRef = 5A548EF11DAE40B0006E1723 /* ViewController.m */; };
		5A548EF51DAE40B0006E1723 /* Main.storyboard in Resources */ = {isa = PBXBuildFile; fileRef = 5A548EF31DAE40B0006E1723 /* Main.storyboard */; };
		5A548EF71DAE40B0006E1723 /* Assets.xcassets in Resources */ = {isa = PBXBuildFile; fileRef = 5A548EF61DAE40B0006E1723 /* Assets.xcassets */; };
		5A548EFA1DAE40B0006E1723 /* LaunchScreen.storyboard in Resources */ = {isa = PBXBuildFile; fileRef = 5A548EF81DAE40B0006E1723 /* LaunchScreen.storyboard */; };
		5A548F031DAE4245006E1723 /* BNRItemsViewController.m in Sources */ = {isa = PBXBuildFile; fileRef = 5A548F021DAE4245006E1723 /* BNRItemsViewController.m */; };
		5A548F091DAF270B006E1723 /* BNRItemStore.m in Sources */ = {isa = PBXBuildFile; fileRef = 5A548F081DAF270B006E1723 /* BNRItemStore.m */; };
/* End PBXBuildFile section */

/* Begin PBXFileReference section */
		3E070A541DD9B3E2002C0AFF /* Homepwner.xcdatamodel */ = {isa = PBXFileReference; lastKnownFileType = wrapper.xcdatamodel; path = Homepwner.xcdatamodel; sourceTree = "<group>"; };
		3E070A561DD9C55E002C0AFF /* BNRImageTransformer.h */ = {isa = PBXFileReference; fileEncoding = 4; lastKnownFileType = sourcecode.c.h; path = BNRImageTransformer.h; sourceTree = "<group>"; };
		3E070A571DD9C55E002C0AFF /* BNRImageTransformer.m */ = {isa = PBXFileReference; fileEncoding = 4; lastKnownFileType = sourcecode.c.objc; path = BNRImageTransformer.m; sourceTree = "<group>"; };
		3E070A591DDAB341002C0AFF /* BNRItem+CoreDataProperties.h */ = {isa = PBXFileReference; fileEncoding = 4; lastKnownFileType = sourcecode.c.h; path = "BNRItem+CoreDataProperties.h"; sourceTree = "<group>"; };
		3E070A5A1DDAB341002C0AFF /* BNRItem+CoreDataProperties.m */ = {isa = PBXFileReference; fileEncoding = 4; lastKnownFileType = sourcecode.c.objc; path = "BNRItem+CoreDataProperties.m"; sourceTree = "<group>"; };
		3E070A5B1DDAB341002C0AFF /* BNRItem.h */ = {isa = PBXFileReference; fileEncoding = 4; lastKnownFileType = sourcecode.c.h; path = BNRItem.h; sourceTree = "<group>"; };
		3E070A5C1DDAB341002C0AFF /* BNRItem.m */ = {isa = PBXFileReference; fileEncoding = 4; lastKnownFileType = sourcecode.c.objc; path = BNRItem.m; sourceTree = "<group>"; };
		3E070A5F1DDD773B002C0AFF /* BNRAssetTypeViewController.h */ = {isa = PBXFileReference; fileEncoding = 4; lastKnownFileType = sourcecode.c.h; path = BNRAssetTypeViewController.h; sourceTree = "<group>"; };
		3E070A601DDD773B002C0AFF /* BNRAssetTypeViewController.m */ = {isa = PBXFileReference; fileEncoding = 4; lastKnownFileType = sourcecode.c.objc; path = BNRAssetTypeViewController.m; sourceTree = "<group>"; };
		3E070A621DDDE2B5002C0AFF /* BNRAssetTypeDetailViewController.h */ = {isa = PBXFileReference; fileEncoding = 4; lastKnownFileType = sourcecode.c.h; path = BNRAssetTypeDetailViewController.h; sourceTree = "<group>"; };
		3E070A631DDDE2B5002C0AFF /* BNRAssetTypeDetailViewController.m */ = {isa = PBXFileReference; fileEncoding = 4; lastKnownFileType = sourcecode.c.objc; path = BNRAssetTypeDetailViewController.m; sourceTree = "<group>"; };
		3E070A641DDDE2B5002C0AFF /* BNRAssetTypeDetailViewController.xib */ = {isa = PBXFileReference; fileEncoding = 4; lastKnownFileType = file.xib; path = BNRAssetTypeDetailViewController.xib; sourceTree = "<group>"; };
		3E31CE7B1DB754FE00F0EFE1 /* BNRImageStore.h */ = {isa = PBXFileReference; fileEncoding = 4; lastKnownFileType = sourcecode.c.h; path = BNRImageStore.h; sourceTree = "<group>"; };
		3E31CE7C1DB754FE00F0EFE1 /* BNRImageStore.m */ = {isa = PBXFileReference; fileEncoding = 4; lastKnownFileType = sourcecode.c.objc; path = BNRImageStore.m; sourceTree = "<group>"; };
		3E640C711DB5D984002F358A /* BNRDetailViewController.h */ = {isa = PBXFileReference; fileEncoding = 4; lastKnownFileType = sourcecode.c.h; path = BNRDetailViewController.h; sourceTree = "<group>"; };
		3E640C721DB5D984002F358A /* BNRDetailViewController.m */ = {isa = PBXFileReference; fileEncoding = 4; lastKnownFileType = sourcecode.c.objc; path = BNRDetailViewController.m; sourceTree = "<group>"; };
		3EBDD82A1DD064EC004A9E6A /* BNRItemCell.h */ = {isa = PBXFileReference; fileEncoding = 4; lastKnownFileType = sourcecode.c.h; path = BNRItemCell.h; sourceTree = "<group>"; };
		3EBDD82B1DD064EC004A9E6A /* BNRItemCell.m */ = {isa = PBXFileReference; fileEncoding = 4; lastKnownFileType = sourcecode.c.objc; path = BNRItemCell.m; sourceTree = "<group>"; };
		3EBDD82C1DD064EC004A9E6A /* BNRItemCell.xib */ = {isa = PBXFileReference; fileEncoding = 4; lastKnownFileType = file.xib; path = BNRItemCell.xib; sourceTree = "<group>"; };
		3EBDD82F1DD1B7E5004A9E6A /* BNRImageViewController.h */ = {isa = PBXFileReference; fileEncoding = 4; lastKnownFileType = sourcecode.c.h; path = BNRImageViewController.h; sourceTree = "<group>"; };
		3EBDD8301DD1B7E5004A9E6A /* BNRImageViewController.m */ = {isa = PBXFileReference; fileEncoding = 4; lastKnownFileType = sourcecode.c.objc; path = BNRImageViewController.m; sourceTree = "<group>"; };
		3ED7D8A91DEACDC800566762 /* Base */ = {isa = PBXFileReference; lastKnownFileType = file.xib; name = Base; path = Base.lproj/BNRDetailViewController.xib; sourceTree = "<group>"; };
		3ED7D8AB1DEAD21F00566762 /* es */ = {isa = PBXFileReference; lastKnownFileType = text.plist.strings; name = es; path = es.lproj/BNRDetailViewController.strings; sourceTree = "<group>"; };
		3ED7D8AC1DEAD3DD00566762 /* en */ = {isa = PBXFileReference; lastKnownFileType = text.plist.strings; name = en; path = en.lproj/BNRDetailViewController.strings; sourceTree = "<group>"; };
		3ED7D8B01DEAE56400566762 /* Base */ = {isa = PBXFileReference; lastKnownFileType = text.plist.strings; name = Base; path = Base.lproj/Localizable.strings; sourceTree = "<group>"; };
		3ED7D8B21DEAE69100566762 /* es */ = {isa = PBXFileReference; lastKnownFileType = text.plist.strings; name = es; path = es.lproj/Localizable.strings; sourceTree = "<group>"; };
		5A548EE71DAE40B0006E1723 /* Homepwner.app */ = {isa = PBXFileReference; explicitFileType = wrapper.application; includeInIndex = 0; path = Homepwner.app; sourceTree = BUILT_PRODUCTS_DIR; };
		5A548EEB1DAE40B0006E1723 /* main.m */ = {isa = PBXFileReference; lastKnownFileType = sourcecode.c.objc; path = main.m; sourceTree = "<group>"; };
		5A548EED1DAE40B0006E1723 /* AppDelegate.h */ = {isa = PBXFileReference; lastKnownFileType = sourcecode.c.h; path = AppDelegate.h; sourceTree = "<group>"; };
		5A548EEE1DAE40B0006E1723 /* AppDelegate.m */ = {isa = PBXFileReference; lastKnownFileType = sourcecode.c.objc; path = AppDelegate.m; sourceTree = "<group>"; };
		5A548EF01DAE40B0006E1723 /* ViewController.h */ = {isa = PBXFileReference; lastKnownFileType = sourcecode.c.h; path = ViewController.h; sourceTree = "<group>"; };
		5A548EF11DAE40B0006E1723 /* ViewController.m */ = {isa = PBXFileReference; lastKnownFileType = sourcecode.c.objc; path = ViewController.m; sourceTree = "<group>"; };
		5A548EF41DAE40B0006E1723 /* Base */ = {isa = PBXFileReference; lastKnownFileType = file.storyboard; name = Base; path = Base.lproj/Main.storyboard; sourceTree = "<group>"; };
		5A548EF61DAE40B0006E1723 /* Assets.xcassets */ = {isa = PBXFileReference; lastKnownFileType = folder.assetcatalog; path = Assets.xcassets; sourceTree = "<group>"; };
		5A548EF91DAE40B0006E1723 /* Base */ = {isa = PBXFileReference; lastKnownFileType = file.storyboard; name = Base; path = Base.lproj/LaunchScreen.storyboard; sourceTree = "<group>"; };
		5A548EFB1DAE40B0006E1723 /* Info.plist */ = {isa = PBXFileReference; lastKnownFileType = text.plist.xml; path = Info.plist; sourceTree = "<group>"; };
		5A548F011DAE4245006E1723 /* BNRItemsViewController.h */ = {isa = PBXFileReference; fileEncoding = 4; lastKnownFileType = sourcecode.c.h; path = BNRItemsViewController.h; sourceTree = "<group>"; };
		5A548F021DAE4245006E1723 /* BNRItemsViewController.m */ = {isa = PBXFileReference; fileEncoding = 4; lastKnownFileType = sourcecode.c.objc; path = BNRItemsViewController.m; sourceTree = "<group>"; };
		5A548F071DAF270B006E1723 /* BNRItemStore.h */ = {isa = PBXFileReference; fileEncoding = 4; lastKnownFileType = sourcecode.c.h; path = BNRItemStore.h; sourceTree = "<group>"; };
		5A548F081DAF270B006E1723 /* BNRItemStore.m */ = {isa = PBXFileReference; fileEncoding = 4; lastKnownFileType = sourcecode.c.objc; path = BNRItemStore.m; sourceTree = "<group>"; };
/* End PBXFileReference section */

/* Begin PBXFrameworksBuildPhase section */
		5A548EE41DAE40B0006E1723 /* Frameworks */ = {
			isa = PBXFrameworksBuildPhase;
			buildActionMask = 2147483647;
			files = (
			);
			runOnlyForDeploymentPostprocessing = 0;
		};
/* End PBXFrameworksBuildPhase section */

/* Begin PBXGroup section */
		5A548EDE1DAE40AF006E1723 = {
			isa = PBXGroup;
			children = (
				5A548EE91DAE40B0006E1723 /* Homepwner */,
				5A548EE81DAE40B0006E1723 /* Products */,
			);
			sourceTree = "<group>";
		};
		5A548EE81DAE40B0006E1723 /* Products */ = {
			isa = PBXGroup;
			children = (
				5A548EE71DAE40B0006E1723 /* Homepwner.app */,
			);
			name = Products;
			sourceTree = "<group>";
		};
		5A548EE91DAE40B0006E1723 /* Homepwner */ = {
			isa = PBXGroup;
			children = (
				5A548EED1DAE40B0006E1723 /* AppDelegate.h */,
				5A548EEE1DAE40B0006E1723 /* AppDelegate.m */,
				5A548EF61DAE40B0006E1723 /* Assets.xcassets */,
				3E640C711DB5D984002F358A /* BNRDetailViewController.h */,
				3E640C721DB5D984002F358A /* BNRDetailViewController.m */,
				3ED7D8A71DEAC8CF00566762 /* BNRDetailViewController.xib */,
				3E31CE7B1DB754FE00F0EFE1 /* BNRImageStore.h */,
				3E31CE7C1DB754FE00F0EFE1 /* BNRImageStore.m */,
				3E070A561DD9C55E002C0AFF /* BNRImageTransformer.h */,
				3E070A571DD9C55E002C0AFF /* BNRImageTransformer.m */,
				3EBDD82F1DD1B7E5004A9E6A /* BNRImageViewController.h */,
				3EBDD8301DD1B7E5004A9E6A /* BNRImageViewController.m */,
				3EBDD82A1DD064EC004A9E6A /* BNRItemCell.h */,
				3EBDD82B1DD064EC004A9E6A /* BNRItemCell.m */,
				3EBDD82C1DD064EC004A9E6A /* BNRItemCell.xib */,
				5A548F071DAF270B006E1723 /* BNRItemStore.h */,
				5A548F081DAF270B006E1723 /* BNRItemStore.m */,
				3E070A5F1DDD773B002C0AFF /* BNRAssetTypeViewController.h */,
				3E070A601DDD773B002C0AFF /* BNRAssetTypeViewController.m */,
				5A548F011DAE4245006E1723 /* BNRItemsViewController.h */,
				3ED7D8B11DEAE56400566762 /* Localizable.strings */,
				5A548F021DAE4245006E1723 /* BNRItemsViewController.m */,
				3E070A531DD9B3E2002C0AFF /* Homepwner.xcdatamodeld */,
				5A548EFB1DAE40B0006E1723 /* Info.plist */,
				5A548EF81DAE40B0006E1723 /* LaunchScreen.storyboard */,
				5A548EF31DAE40B0006E1723 /* Main.storyboard */,
				5A548EEA1DAE40B0006E1723 /* Supporting Files */,
				5A548EF01DAE40B0006E1723 /* ViewController.h */,
				5A548EF11DAE40B0006E1723 /* ViewController.m */,
				3E070A591DDAB341002C0AFF /* BNRItem+CoreDataProperties.h */,
				3E070A5A1DDAB341002C0AFF /* BNRItem+CoreDataProperties.m */,
				3E070A5B1DDAB341002C0AFF /* BNRItem.h */,
				3E070A5C1DDAB341002C0AFF /* BNRItem.m */,
				3E070A621DDDE2B5002C0AFF /* BNRAssetTypeDetailViewController.h */,
				3E070A631DDDE2B5002C0AFF /* BNRAssetTypeDetailViewController.m */,
				3E070A641DDDE2B5002C0AFF /* BNRAssetTypeDetailViewController.xib */,
			);
			path = Homepwner;
			sourceTree = "<group>";
		};
		5A548EEA1DAE40B0006E1723 /* Supporting Files */ = {
			isa = PBXGroup;
			children = (
				5A548EEB1DAE40B0006E1723 /* main.m */,
			);
			name = "Supporting Files";
			sourceTree = "<group>";
		};
/* End PBXGroup section */

/* Begin PBXNativeTarget section */
		5A548EE61DAE40B0006E1723 /* Homepwner */ = {
			isa = PBXNativeTarget;
			buildConfigurationList = 5A548EFE1DAE40B0006E1723 /* Build configuration list for PBXNativeTarget "Homepwner" */;
			buildPhases = (
				5A548EE31DAE40B0006E1723 /* Sources */,
				5A548EE41DAE40B0006E1723 /* Frameworks */,
				5A548EE51DAE40B0006E1723 /* Resources */,
			);
			buildRules = (
			);
			dependencies = (
			);
			name = Homepwner;
			productName = Homepwner;
			productReference = 5A548EE71DAE40B0006E1723 /* Homepwner.app */;
			productType = "com.apple.product-type.application";
		};
/* End PBXNativeTarget section */

/* Begin PBXProject section */
		5A548EDF1DAE40B0006E1723 /* Project object */ = {
			isa = PBXProject;
			attributes = {
				LastUpgradeCheck = 0720;
				ORGANIZATIONNAME = Liu;
				TargetAttributes = {
					5A548EE61DAE40B0006E1723 = {
						CreatedOnToolsVersion = 7.2;
						DevelopmentTeam = CN88TT56R7;
					};
				};
			};
			buildConfigurationList = 5A548EE21DAE40B0006E1723 /* Build configuration list for PBXProject "Homepwner" */;
			compatibilityVersion = "Xcode 3.2";
			developmentRegion = English;
			hasScannedForEncodings = 0;
			knownRegions = (
				Base,
				es,
			);
			mainGroup = 5A548EDE1DAE40AF006E1723;
			productRefGroup = 5A548EE81DAE40B0006E1723 /* Products */;
			projectDirPath = "";
			projectRoot = "";
			targets = (
				5A548EE61DAE40B0006E1723 /* Homepwner */,
			);
		};
/* End PBXProject section */

/* Begin PBXResourcesBuildPhase section */
		5A548EE51DAE40B0006E1723 /* Resources */ = {
			isa = PBXResourcesBuildPhase;
			buildActionMask = 2147483647;
			files = (
				5A548EFA1DAE40B0006E1723 /* LaunchScreen.storyboard in Resources */,
				5A548EF71DAE40B0006E1723 /* Assets.xcassets in Resources */,
				5A548EF51DAE40B0006E1723 /* Main.storyboard in Resources */,
				3ED7D8AF1DEAE56400566762 /* Localizable.strings in Resources */,
				3ED7D8A51DEAC8CF00566762 /* BNRDetailViewController.xib in Resources */,
				3EBDD82E1DD064EC004A9E6A /* BNRItemCell.xib in Resources */,
				3E070A661DDDE2B5002C0AFF /* BNRAssetTypeDetailViewController.xib in Resources */,
			);
			runOnlyForDeploymentPostprocessing = 0;
		};
/* End PBXResourcesBuildPhase section */

/* Begin PBXSourcesBuildPhase section */
		5A548EE31DAE40B0006E1723 /* Sources */ = {
			isa = PBXSourcesBuildPhase;
			buildActionMask = 2147483647;
			files = (
				5A548EF21DAE40B0006E1723 /* ViewController.m in Sources */,
				3EBDD82D1DD064EC004A9E6A /* BNRItemCell.m in Sources */,
				5A548EEF1DAE40B0006E1723 /* AppDelegate.m in Sources */,
				3E070A651DDDE2B5002C0AFF /* BNRAssetTypeDetailViewController.m in Sources */,
				3E070A581DD9C55E002C0AFF /* BNRImageTransformer.m in Sources */,
				3E070A5E1DDAB341002C0AFF /* BNRItem.m in Sources */,
				3E640C741DB5D984002F358A /* BNRDetailViewController.m in Sources */,
				3E070A611DDD773B002C0AFF /* BNRAssetTypeViewController.m in Sources */,
				3E070A551DD9B3E2002C0AFF /* Homepwner.xcdatamodeld in Sources */,
				3E31CE7D1DB754FE00F0EFE1 /* BNRImageStore.m in Sources */,
				3E070A5D1DDAB341002C0AFF /* BNRItem+CoreDataProperties.m in Sources */,
				5A548F031DAE4245006E1723 /* BNRItemsViewController.m in Sources */,
				5A548EEC1DAE40B0006E1723 /* main.m in Sources */,
				5A548F091DAF270B006E1723 /* BNRItemStore.m in Sources */,
				3EBDD8311DD1B7E5004A9E6A /* BNRImageViewController.m in Sources */,
			);
			runOnlyForDeploymentPostprocessing = 0;
		};
/* End PBXSourcesBuildPhase section */

/* Begin PBXVariantGroup section */
		3ED7D8A71DEAC8CF00566762 /* BNRDetailViewController.xib */ = {
			isa = PBXVariantGroup;
			children = (
				3ED7D8A91DEACDC800566762 /* Base */,
				3ED7D8AB1DEAD21F00566762 /* es */,
				3ED7D8AC1DEAD3DD00566762 /* en */,
			);
			name = BNRDetailViewController.xib;
			sourceTree = "<group>";
		};
		3ED7D8B11DEAE56400566762 /* Localizable.strings */ = {
			isa = PBXVariantGroup;
			children = (
				3ED7D8B01DEAE56400566762 /* Base */,
				3ED7D8B21DEAE69100566762 /* es */,
			);
			name = Localizable.strings;
			sourceTree = "<group>";
		};
		5A548EF31DAE40B0006E1723 /* Main.storyboard */ = {
			isa = PBXVariantGroup;
			children = (
				5A548EF41DAE40B0006E1723 /* Base */,
			);
			name = Main.storyboard;
			sourceTree = "<group>";
		};
		5A548EF81DAE40B0006E1723 /* LaunchScreen.storyboard */ = {
			isa = PBXVariantGroup;
			children = (
				5A548EF91DAE40B0006E1723 /* Base */,
			);
			name = LaunchScreen.storyboard;
			sourceTree = "<group>";
		};
/* End PBXVariantGroup section */

/* Begin XCBuildConfiguration section */
		5A548EFC1DAE40B0006E1723 /* Debug */ = {
			isa = XCBuildConfiguration;
			buildSettings = {
				ALWAYS_SEARCH_USER_PATHS = NO;
				CLANG_CXX_LANGUAGE_STANDARD = "gnu++0x";
				CLANG_CXX_LIBRARY = "libc++";
				CLANG_ENABLE_MODULES = YES;
				CLANG_ENABLE_OBJC_ARC = YES;
				CLANG_WARN_BOOL_CONVERSION = YES;
				CLANG_WARN_CONSTANT_CONVERSION = YES;
				CLANG_WARN_DIRECT_OBJC_ISA_USAGE = YES_ERROR;
				CLANG_WARN_EMPTY_BODY = YES;
				CLANG_WARN_ENUM_CONVERSION = YES;
				CLANG_WARN_INT_CONVERSION = YES;
				CLANG_WARN_OBJC_ROOT_CLASS = YES_ERROR;
				CLANG_WARN_UNREACHABLE_CODE = YES;
				CLANG_WARN__DUPLICATE_METHOD_MATCH = YES;
				"CODE_SIGN_IDENTITY[sdk=iphoneos*]" = "iPhone Developer";
				COPY_PHASE_STRIP = NO;
				DEBUG_INFORMATION_FORMAT = dwarf;
				ENABLE_STRICT_OBJC_MSGSEND = YES;
				ENABLE_TESTABILITY = YES;
				GCC_C_LANGUAGE_STANDARD = gnu99;
				GCC_DYNAMIC_NO_PIC = NO;
				GCC_NO_COMMON_BLOCKS = YES;
				GCC_OPTIMIZATION_LEVEL = 0;
				GCC_PREPROCESSOR_DEFINITIONS = (
					"DEBUG=1",
					"$(inherited)",
				);
				GCC_WARN_64_TO_32_BIT_CONVERSION = YES;
				GCC_WARN_ABOUT_RETURN_TYPE = YES_ERROR;
				GCC_WARN_UNDECLARED_SELECTOR = YES;
				GCC_WARN_UNINITIALIZED_AUTOS = YES_AGGRESSIVE;
				GCC_WARN_UNUSED_FUNCTION = YES;
				GCC_WARN_UNUSED_VARIABLE = YES;
				IPHONEOS_DEPLOYMENT_TARGET = 9.2;
				MTL_ENABLE_DEBUG_INFO = YES;
				ONLY_ACTIVE_ARCH = YES;
				SDKROOT = iphoneos;
			};
			name = Debug;
		};
		5A548EFD1DAE40B0006E1723 /* Release */ = {
			isa = XCBuildConfiguration;
			buildSettings = {
				ALWAYS_SEARCH_USER_PATHS = NO;
				CLANG_CXX_LANGUAGE_STANDARD = "gnu++0x";
				CLANG_CXX_LIBRARY = "libc++";
				CLANG_ENABLE_MODULES = YES;
				CLANG_ENABLE_OBJC_ARC = YES;
				CLANG_WARN_BOOL_CONVERSION = YES;
				CLANG_WARN_CONSTANT_CONVERSION = YES;
				CLANG_WARN_DIRECT_OBJC_ISA_USAGE = YES_ERROR;
				CLANG_WARN_EMPTY_BODY = YES;
				CLANG_WARN_ENUM_CONVERSION = YES;
				CLANG_WARN_INT_CONVERSION = YES;
				CLANG_WARN_OBJC_ROOT_CLASS = YES_ERROR;
				CLANG_WARN_UNREACHABLE_CODE = YES;
				CLANG_WARN__DUPLICATE_METHOD_MATCH = YES;
				"CODE_SIGN_IDENTITY[sdk=iphoneos*]" = "iPhone Developer";
				COPY_PHASE_STRIP = NO;
				DEBUG_INFORMATION_FORMAT = "dwarf-with-dsym";
				ENABLE_NS_ASSERTIONS = NO;
				ENABLE_STRICT_OBJC_MSGSEND = YES;
				GCC_C_LANGUAGE_STANDARD = gnu99;
				GCC_NO_COMMON_BLOCKS = YES;
				GCC_WARN_64_TO_32_BIT_CONVERSION = YES;
				GCC_WARN_ABOUT_RETURN_TYPE = YES_ERROR;
				GCC_WARN_UNDECLARED_SELECTOR = YES;
				GCC_WARN_UNINITIALIZED_AUTOS = YES_AGGRESSIVE;
				GCC_WARN_UNUSED_FUNCTION = YES;
				GCC_WARN_UNUSED_VARIABLE = YES;
				IPHONEOS_DEPLOYMENT_TARGET = 9.2;
				MTL_ENABLE_DEBUG_INFO = NO;
				SDKROOT = iphoneos;
				VALIDATE_PRODUCT = YES;
			};
			name = Release;
		};
		5A548EFF1DAE40B0006E1723 /* Debug */ = {
			isa = XCBuildConfiguration;
			buildSettings = {
				ASSETCATALOG_COMPILER_APPICON_NAME = AppIcon;
				INFOPLIST_FILE = Homepwner/Info.plist;
				LD_RUNPATH_SEARCH_PATHS = "$(inherited) @executable_path/Frameworks";
				PRODUCT_BUNDLE_IDENTIFIER = com.pizzaliu.Homepwner;
				PRODUCT_NAME = "$(TARGET_NAME)";
				TARGETED_DEVICE_FAMILY = "1,2";
			};
			name = Debug;
		};
		5A548F001DAE40B0006E1723 /* Release */ = {
			isa = XCBuildConfiguration;
			buildSettings = {
				ASSETCATALOG_COMPILER_APPICON_NAME = AppIcon;
				INFOPLIST_FILE = Homepwner/Info.plist;
				LD_RUNPATH_SEARCH_PATHS = "$(inherited) @executable_path/Frameworks";
				PRODUCT_BUNDLE_IDENTIFIER = com.pizzaliu.Homepwner;
				PRODUCT_NAME = "$(TARGET_NAME)";
				TARGETED_DEVICE_FAMILY = "1,2";
			};
			name = Release;
		};
/* End XCBuildConfiguration section */

/* Begin XCConfigurationList section */
		5A548EE21DAE40B0006E1723 /* Build configuration list for PBXProject "Homepwner" */ = {
			isa = XCConfigurationList;
			buildConfigurations = (
				5A548EFC1DAE40B0006E1723 /* Debug */,
				5A548EFD1DAE40B0006E1723 /* Release */,
			);
			defaultConfigurationIsVisible = 0;
			defaultConfigurationName = Release;
		};
		5A548EFE1DAE40B0006E1723 /* Build configuration list for PBXNativeTarget "Homepwner" */ = {
			isa = XCConfigurationList;
			buildConfigurations = (
				5A548EFF1DAE40B0006E1723 /* Debug */,
				5A548F001DAE40B0006E1723 /* Release */,
			);
			defaultConfigurationIsVisible = 0;
			defaultConfigurationName = Release;
		};
/* End XCConfigurationList section */

/* Begin XCVersionGroup section */
		3E070A531DD9B3E2002C0AFF /* Homepwner.xcdatamodeld */ = {
			isa = XCVersionGroup;
			children = (
				3E070A541DD9B3E2002C0AFF /* Homepwner.xcdatamodel */,
			);
			currentVersion = 3E070A541DD9B3E2002C0AFF /* Homepwner.xcdatamodel */;
			path = Homepwner.xcdatamodeld;
			sourceTree = "<group>";
			versionGroupType = wrapper.xcdatamodel;
		};
/* End XCVersionGroup section */
	};
	rootObject = 5A548EDF1DAE40B0006E1723 /* Project object */;
}
